
Microsoft Visual Studio Solution File, Format Version 12.00
# Visual Studio 14
VisualStudioVersion = 14.0.25420.1
MinimumVisualStudioVersion = 10.0.40219.1
Project("{FAE04EC0-301F-11D3-BF4B-00C04F79EFBC}") = "XML_Reader", "XML_Reader\XML_Reader.csproj", "{CC185C06-CC0A-48C8-97A3-C4411F310670}"
EndProject
Global
	GlobalSection(SolutionConfigurationPlatforms) = preSolution
		Debug|Any CPU = Debug|Any CPU
		Release|Any CPU = Release|Any CPU
	EndGlobalSection
	GlobalSection(ProjectConfigurationPlatforms) = postSolution
		{CC185C06-CC0A-48C8-97A3-C4411F310670}.Debug|Any CPU.ActiveCfg = Debug|Any CPU
		{CC185C06-CC0A-48C8-97A3-C4411F310670}.Debug|Any CPU.Build.0 = Debug|Any CPU
		{CC185C06-CC0A-48C8-97A3-C4411F310670}.Release|Any CPU.ActiveCfg = Release|Any CPU
		{CC185C06-CC0A-48C8-97A3-C4411F310670}.Release|Any CPU.Build.0 = Release|Any CPU
	EndGlobalSection
	GlobalSection(SolutionProperties) = preSolution
		HideSolutionNode = FALSE
	EndGlobalSection
EndGlobal
